
Microsoft Visual Studio Solution File, Format Version 12.00
# Visual Studio 15
VisualStudioVersion = 15.0.27004.2009
MinimumVisualStudioVersion = 10.0.40219.1
Project("{2150E333-8FDC-42A3-9474-1A3956D46DE8}") = "Tests", "Tests", "{3E2F7BF6-DCD4-477C-A555-41C89CD0B82A}"
EndProject
Project("{2150E333-8FDC-42A3-9474-1A3956D46DE8}") = "Src", "Src", "{5AF2D576-3794-4909-8699-EB17C4000DB6}"
EndProject
Project("{2150E333-8FDC-42A3-9474-1A3956D46DE8}") = "Units", "Units", "{270A2F92-71D3-43E1-A539-EF105F7E4540}"
EndProject
Project("{2150E333-8FDC-42A3-9474-1A3956D46DE8}") = "Integrations", "Integrations", "{C9C4E53E-5A7E-49B8-A487-55A520945B3D}"
EndProject
Project("{9A19103F-16F7-4668-BE54-9A1E7A4F7556}") = "PayU.Wrapper.Client", "Src\PayU.Wrapper.Client\PayU.Wrapper.Client.csproj", "{6DE7C51C-47BE-43EC-A75C-69AA2F461B18}"
EndProject
Project("{FAE04EC0-301F-11D3-BF4B-00C04F79EFBC}") = "PayU.Wrapper.Unit.Tests", "Tests\Units\PayU.Wrapper.Unit.Tests\PayU.Wrapper.Unit.Tests.csproj", "{1832C436-0717-43BD-9DCC-8575BABB4635}"
EndProject
Project("{FAE04EC0-301F-11D3-BF4B-00C04F79EFBC}") = "PayU.Wrapper.Integration.Tests", "Tests\Integrations\PayU.Wrapper.Integration.Tests\PayU.Wrapper.Integration.Tests.csproj", "{C0ABB33B-F5A1-40AF-B65A-DFDFBE5F932A}"
EndProject
Project("{9A19103F-16F7-4668-BE54-9A1E7A4F7556}") = "Test", "Test\Test.csproj", "{1CF7FAEC-B9E9-4677-936B-048E398CA5BF}"
EndProject
Global
	GlobalSection(SolutionConfigurationPlatforms) = preSolution
		Debug|Any CPU = Debug|Any CPU
		Release|Any CPU = Release|Any CPU
	EndGlobalSection
	GlobalSection(ProjectConfigurationPlatforms) = postSolution
		{6DE7C51C-47BE-43EC-A75C-69AA2F461B18}.Debug|Any CPU.ActiveCfg = Debug|Any CPU
		{6DE7C51C-47BE-43EC-A75C-69AA2F461B18}.Debug|Any CPU.Build.0 = Debug|Any CPU
		{6DE7C51C-47BE-43EC-A75C-69AA2F461B18}.Release|Any CPU.ActiveCfg = Release|Any CPU
		{6DE7C51C-47BE-43EC-A75C-69AA2F461B18}.Release|Any CPU.Build.0 = Release|Any CPU
		{1832C436-0717-43BD-9DCC-8575BABB4635}.Debug|Any CPU.ActiveCfg = Debug|Any CPU
		{1832C436-0717-43BD-9DCC-8575BABB4635}.Debug|Any CPU.Build.0 = Debug|Any CPU
		{1832C436-0717-43BD-9DCC-8575BABB4635}.Release|Any CPU.ActiveCfg = Release|Any CPU
		{1832C436-0717-43BD-9DCC-8575BABB4635}.Release|Any CPU.Build.0 = Release|Any CPU
		{C0ABB33B-F5A1-40AF-B65A-DFDFBE5F932A}.Debug|Any CPU.ActiveCfg = Debug|Any CPU
		{C0ABB33B-F5A1-40AF-B65A-DFDFBE5F932A}.Debug|Any CPU.Build.0 = Debug|Any CPU
		{C0ABB33B-F5A1-40AF-B65A-DFDFBE5F932A}.Release|Any CPU.ActiveCfg = Release|Any CPU
		{C0ABB33B-F5A1-40AF-B65A-DFDFBE5F932A}.Release|Any CPU.Build.0 = Release|Any CPU
		{1CF7FAEC-B9E9-4677-936B-048E398CA5BF}.Debug|Any CPU.ActiveCfg = Debug|Any CPU
		{1CF7FAEC-B9E9-4677-936B-048E398CA5BF}.Debug|Any CPU.Build.0 = Debug|Any CPU
		{1CF7FAEC-B9E9-4677-936B-048E398CA5BF}.Release|Any CPU.ActiveCfg = Release|Any CPU
		{1CF7FAEC-B9E9-4677-936B-048E398CA5BF}.Release|Any CPU.Build.0 = Release|Any CPU
	EndGlobalSection
	GlobalSection(SolutionProperties) = preSolution
		HideSolutionNode = FALSE
	EndGlobalSection
	GlobalSection(NestedProjects) = preSolution
		{270A2F92-71D3-43E1-A539-EF105F7E4540} = {3E2F7BF6-DCD4-477C-A555-41C89CD0B82A}
		{C9C4E53E-5A7E-49B8-A487-55A520945B3D} = {3E2F7BF6-DCD4-477C-A555-41C89CD0B82A}
		{6DE7C51C-47BE-43EC-A75C-69AA2F461B18} = {5AF2D576-3794-4909-8699-EB17C4000DB6}
		{1832C436-0717-43BD-9DCC-8575BABB4635} = {270A2F92-71D3-43E1-A539-EF105F7E4540}
		{C0ABB33B-F5A1-40AF-B65A-DFDFBE5F932A} = {C9C4E53E-5A7E-49B8-A487-55A520945B3D}
		{1CF7FAEC-B9E9-4677-936B-048E398CA5BF} = {5AF2D576-3794-4909-8699-EB17C4000DB6}
	EndGlobalSection
	GlobalSection(ExtensibilityGlobals) = postSolution
		SolutionGuid = {5E51CAB2-B6CC-4ED0-A98F-81C4CC2679F8}
	EndGlobalSection
EndGlobal
